
Microsoft Visual Studio Solution File, Format Version 12.00
# Visual Studio Version 17
VisualStudioVersion = 17.9.34622.214
MinimumVisualStudioVersion = 10.0.40219.1
Project("{FAE04EC0-301F-11D3-BF4B-00C04F79EFBC}") = "LibraryData", "LibraryManagementSystem\LibraryData.csproj", "{0549020E-7E80-4702-BDB0-F6C979FFE677}"
EndProject
Project("{FAE04EC0-301F-11D3-BF4B-00C04F79EFBC}") = "LibraryDataLayerTests", "LibraryDataLayerTests\LibraryDataLayerTests.csproj", "{9BF02F4D-51A9-4B7C-8115-340F28892171}"
EndProject
Project("{FAE04EC0-301F-11D3-BF4B-00C04F79EFBC}") = "LibraryLogic", "LibraryLogic\LibraryLogic.csproj", "{991EE66B-6B57-4839-85AE-0AADEBD2AD37}"
EndProject
Project("{FAE04EC0-301F-11D3-BF4B-00C04F79EFBC}") = "LibraryLogicLayerTests", "LibraryLogicLayerTests\LibraryLogicLayerTests.csproj", "{D9C8F40E-F8E4-4BE8-934A-E9D5F9096CFE}"
EndProject
Global
	GlobalSection(SolutionConfigurationPlatforms) = preSolution
		Debug|Any CPU = Debug|Any CPU
		Release|Any CPU = Release|Any CPU
	EndGlobalSection
	GlobalSection(ProjectConfigurationPlatforms) = postSolution
		{0549020E-7E80-4702-BDB0-F6C979FFE677}.Debug|Any CPU.ActiveCfg = Debug|Any CPU
		{0549020E-7E80-4702-BDB0-F6C979FFE677}.Debug|Any CPU.Build.0 = Debug|Any CPU
		{0549020E-7E80-4702-BDB0-F6C979FFE677}.Release|Any CPU.ActiveCfg = Release|Any CPU
		{0549020E-7E80-4702-BDB0-F6C979FFE677}.Release|Any CPU.Build.0 = Release|Any CPU
		{9BF02F4D-51A9-4B7C-8115-340F28892171}.Debug|Any CPU.ActiveCfg = Debug|Any CPU
		{9BF02F4D-51A9-4B7C-8115-340F28892171}.Debug|Any CPU.Build.0 = Debug|Any CPU
		{9BF02F4D-51A9-4B7C-8115-340F28892171}.Release|Any CPU.ActiveCfg = Release|Any CPU
		{9BF02F4D-51A9-4B7C-8115-340F28892171}.Release|Any CPU.Build.0 = Release|Any CPU
		{991EE66B-6B57-4839-85AE-0AADEBD2AD37}.Debug|Any CPU.ActiveCfg = Debug|Any CPU
		{991EE66B-6B57-4839-85AE-0AADEBD2AD37}.Debug|Any CPU.Build.0 = Debug|Any CPU
		{991EE66B-6B57-4839-85AE-0AADEBD2AD37}.Release|Any CPU.ActiveCfg = Release|Any CPU
		{991EE66B-6B57-4839-85AE-0AADEBD2AD37}.Release|Any CPU.Build.0 = Release|Any CPU
		{D9C8F40E-F8E4-4BE8-934A-E9D5F9096CFE}.Debug|Any CPU.ActiveCfg = Debug|Any CPU
		{D9C8F40E-F8E4-4BE8-934A-E9D5F9096CFE}.Debug|Any CPU.Build.0 = Debug|Any CPU
		{D9C8F40E-F8E4-4BE8-934A-E9D5F9096CFE}.Release|Any CPU.ActiveCfg = Release|Any CPU
		{D9C8F40E-F8E4-4BE8-934A-E9D5F9096CFE}.Release|Any CPU.Build.0 = Release|Any CPU
	EndGlobalSection
	GlobalSection(SolutionProperties) = preSolution
		HideSolutionNode = FALSE
	EndGlobalSection
	GlobalSection(ExtensibilityGlobals) = postSolution
		SolutionGuid = {9D000655-C6C8-4DC6-8E1C-8E6868694FCF}
	EndGlobalSection
EndGlobal
